{
  "name": "stackblitz-starters-87mkcrzd",
  "lockfileVersion": 3,
  "requires": true,
  "packages": {
    "": {
      "dependencies": {
        "@emailjs/browser": "^3.12.1",
        "servor": "^4.0.2"
      }
    },
    "node_modules/@emailjs/browser": {
      "version": "3.12.1",
      "resolved": "https://registry.npmjs.org/@emailjs/browser/-/browser-3.12.1.tgz",
      "integrity": "sha512-C5nK07CgSCFx3onsuRt/ZaaMvIi0T3SHHanM7fKozjSvbZu+OjHHP9W608fYpic0OavF7yIlfy4+lRDO33JdbA==",
      "engines": {
        "node": ">=14.0.0"
      }
    },
    "node_modules/servor": {
      "version": "4.0.2",
      "resolved": "https://registry.npmjs.org/servor/-/servor-4.0.2.tgz",
      "integrity": "sha512-MlmQ5Ntv4jDYUN060x/KEmN7emvIqKMZ9OkM+nY8Bf2+KkyLmGsTqWLyAN2cZr5oESAcH00UanUyyrlS1LRjFw==",
      "bin": {
        "servor": "cli.js"
      }
    }
  }
}
